// !$*UTF8*$!
{
	archiveVersion = 1;
	classes = {
	};
	objectVersion = 46;
	objects = {

/* Begin PBXBuildFile section */
		18C5CB75187E4EF18AE21ACD /* libPods.a in Frameworks */ = {isa = PBXBuildFile; fileRef = FEE6D18BCF724CA39DD0A989 /* libPods.a */; };
		2C372E3A19759C52006F8D20 /* main.m in Sources */ = {isa = PBXBuildFile; fileRef = 2C372E3919759C52006F8D20 /* main.m */; };
		2C372E3D19759C52006F8D20 /* AppDelegate.m in Sources */ = {isa = PBXBuildFile; fileRef = 2C372E3C19759C52006F8D20 /* AppDelegate.m */; };
		2C372E4019759C52006F8D20 /* ViewController.m in Sources */ = {isa = PBXBuildFile; fileRef = 2C372E3F19759C52006F8D20 /* ViewController.m */; };
		2C372E4319759C52006F8D20 /* Main.storyboard in Resources */ = {isa = PBXBuildFile; fileRef = 2C372E4119759C52006F8D20 /* Main.storyboard */; };
		2C372E4519759C52006F8D20 /* Images.xcassets in Resources */ = {isa = PBXBuildFile; fileRef = 2C372E4419759C52006F8D20 /* Images.xcassets */; };
		2C372E5119759C52006F8D20 /* SolistaTests.m in Sources */ = {isa = PBXBuildFile; fileRef = 2C372E5019759C52006F8D20 /* SolistaTests.m */; };
		2CEAFA62197BDC97005B0F01 /* ProductCreateTableViewController.m in Sources */ = {isa = PBXBuildFile; fileRef = 2CEAFA61197BDC97005B0F01 /* ProductCreateTableViewController.m */; };
		2CEAFA66197BECC1005B0F01 /* MapKit.framework in Frameworks */ = {isa = PBXBuildFile; fileRef = 2CEAFA65197BECC1005B0F01 /* MapKit.framework */; };
		3B2ABC04198023F100A00E6A /* Product.m in Sources */ = {isa = PBXBuildFile; fileRef = 3B2ABC03198023F100A00E6A /* Product.m */; };
		3B2ABC0719803E8300A00E6A /* ProductsManager.m in Sources */ = {isa = PBXBuildFile; fileRef = 3B2ABC0619803E8300A00E6A /* ProductsManager.m */; };
/* End PBXBuildFile section */

/* Begin PBXContainerItemProxy section */
		2C372E4B19759C52006F8D20 /* PBXContainerItemProxy */ = {
			isa = PBXContainerItemProxy;
			containerPortal = 2C372E2C19759C52006F8D20 /* Project object */;
			proxyType = 1;
			remoteGlobalIDString = 2C372E3319759C52006F8D20;
			remoteInfo = Solista;
		};
/* End PBXContainerItemProxy section */

/* Begin PBXFileReference section */
		1B81C7EF3ABC441C872ECDFB /* Pods.xcconfig */ = {isa = PBXFileReference; includeInIndex = 1; lastKnownFileType = text.xcconfig; name = Pods.xcconfig; path = Pods/Pods.xcconfig; sourceTree = "<group>"; };
		2C372E3419759C52006F8D20 /* Solista.app */ = {isa = PBXFileReference; explicitFileType = wrapper.application; includeInIndex = 0; path = Solista.app; sourceTree = BUILT_PRODUCTS_DIR; };
		2C372E3819759C52006F8D20 /* Info.plist */ = {isa = PBXFileReference; lastKnownFileType = text.plist.xml; path = Info.plist; sourceTree = "<group>"; };
		2C372E3919759C52006F8D20 /* main.m */ = {isa = PBXFileReference; lastKnownFileType = sourcecode.c.objc; path = main.m; sourceTree = "<group>"; };
		2C372E3B19759C52006F8D20 /* AppDelegate.h */ = {isa = PBXFileReference; lastKnownFileType = sourcecode.c.h; path = AppDelegate.h; sourceTree = "<group>"; };
		2C372E3C19759C52006F8D20 /* AppDelegate.m */ = {isa = PBXFileReference; lastKnownFileType = sourcecode.c.objc; path = AppDelegate.m; sourceTree = "<group>"; };
		2C372E3E19759C52006F8D20 /* ViewController.h */ = {isa = PBXFileReference; lastKnownFileType = sourcecode.c.h; path = ViewController.h; sourceTree = "<group>"; };
		2C372E3F19759C52006F8D20 /* ViewController.m */ = {isa = PBXFileReference; lastKnownFileType = sourcecode.c.objc; path = ViewController.m; sourceTree = "<group>"; };
		2C372E4219759C52006F8D20 /* Base */ = {isa = PBXFileReference; lastKnownFileType = file.storyboard; name = Base; path = Base.lproj/Main.storyboard; sourceTree = "<group>"; };
		2C372E4419759C52006F8D20 /* Images.xcassets */ = {isa = PBXFileReference; lastKnownFileType = folder.assetcatalog; path = Images.xcassets; sourceTree = "<group>"; };
		2C372E4A19759C52006F8D20 /* SolistaTests.xctest */ = {isa = PBXFileReference; explicitFileType = wrapper.cfbundle; includeInIndex = 0; path = SolistaTests.xctest; sourceTree = BUILT_PRODUCTS_DIR; };
		2C372E4F19759C52006F8D20 /* Info.plist */ = {isa = PBXFileReference; lastKnownFileType = text.plist.xml; path = Info.plist; sourceTree = "<group>"; };
		2C372E5019759C52006F8D20 /* SolistaTests.m */ = {isa = PBXFileReference; lastKnownFileType = sourcecode.c.objc; path = SolistaTests.m; sourceTree = "<group>"; };
		2CEAFA60197BDC97005B0F01 /* ProductCreateTableViewController.h */ = {isa = PBXFileReference; fileEncoding = 4; lastKnownFileType = sourcecode.c.h; path = ProductCreateTableViewController.h; sourceTree = "<group>"; };
		2CEAFA61197BDC97005B0F01 /* ProductCreateTableViewController.m */ = {isa = PBXFileReference; fileEncoding = 4; lastKnownFileType = sourcecode.c.objc; path = ProductCreateTableViewController.m; sourceTree = "<group>"; };
		2CEAFA65197BECC1005B0F01 /* MapKit.framework */ = {isa = PBXFileReference; lastKnownFileType = wrapper.framework; name = MapKit.framework; path = System/Library/Frameworks/MapKit.framework; sourceTree = SDKROOT; };
		3B2ABC02198023F100A00E6A /* Product.h */ = {isa = PBXFileReference; fileEncoding = 4; lastKnownFileType = sourcecode.c.h; path = Product.h; sourceTree = "<group>"; };
		3B2ABC03198023F100A00E6A /* Product.m */ = {isa = PBXFileReference; fileEncoding = 4; lastKnownFileType = sourcecode.c.objc; path = Product.m; sourceTree = "<group>"; };
		3B2ABC0519803E8300A00E6A /* ProductsManager.h */ = {isa = PBXFileReference; fileEncoding = 4; lastKnownFileType = sourcecode.c.h; path = ProductsManager.h; sourceTree = "<group>"; };
		3B2ABC0619803E8300A00E6A /* ProductsManager.m */ = {isa = PBXFileReference; fileEncoding = 4; lastKnownFileType = sourcecode.c.objc; path = ProductsManager.m; sourceTree = "<group>"; };
		FEE6D18BCF724CA39DD0A989 /* libPods.a */ = {isa = PBXFileReference; explicitFileType = archive.ar; includeInIndex = 0; path = libPods.a; sourceTree = BUILT_PRODUCTS_DIR; };
/* End PBXFileReference section */

/* Begin PBXFrameworksBuildPhase section */
		2C372E3119759C52006F8D20 /* Frameworks */ = {
			isa = PBXFrameworksBuildPhase;
			buildActionMask = 2147483647;
			files = (
				2CEAFA66197BECC1005B0F01 /* MapKit.framework in Frameworks */,
				18C5CB75187E4EF18AE21ACD /* libPods.a in Frameworks */,
			);
			runOnlyForDeploymentPostprocessing = 0;
		};
		2C372E4719759C52006F8D20 /* Frameworks */ = {
			isa = PBXFrameworksBuildPhase;
			buildActionMask = 2147483647;
			files = (
			);
			runOnlyForDeploymentPostprocessing = 0;
		};
/* End PBXFrameworksBuildPhase section */

/* Begin PBXGroup section */
		2C372E2B19759C52006F8D20 = {
			isa = PBXGroup;
			children = (
				2C372E3619759C52006F8D20 /* Solista */,
				2C372E4D19759C52006F8D20 /* SolistaTests */,
				2C372E3519759C52006F8D20 /* Products */,
				1B81C7EF3ABC441C872ECDFB /* Pods.xcconfig */,
				7A3D7BA8A4224D3BB637BBC0 /* Frameworks */,
			);
			sourceTree = "<group>";
		};
		2C372E3519759C52006F8D20 /* Products */ = {
			isa = PBXGroup;
			children = (
				2C372E3419759C52006F8D20 /* Solista.app */,
				2C372E4A19759C52006F8D20 /* SolistaTests.xctest */,
			);
			name = Products;
			sourceTree = "<group>";
		};
		2C372E3619759C52006F8D20 /* Solista */ = {
			isa = PBXGroup;
			children = (
				2C372E3B19759C52006F8D20 /* AppDelegate.h */,
				2C372E3C19759C52006F8D20 /* AppDelegate.m */,
				2C372E4419759C52006F8D20 /* Images.xcassets */,
				2C372E4119759C52006F8D20 /* Main.storyboard */,
				3B2ABC02198023F100A00E6A /* Product.h */,
				3B2ABC03198023F100A00E6A /* Product.m */,
				2CEAFA60197BDC97005B0F01 /* ProductCreateTableViewController.h */,
				2CEAFA61197BDC97005B0F01 /* ProductCreateTableViewController.m */,
				3B2ABC0519803E8300A00E6A /* ProductsManager.h */,
				3B2ABC0619803E8300A00E6A /* ProductsManager.m */,
				2C372E3719759C52006F8D20 /* Supporting Files */,
				2C372E3E19759C52006F8D20 /* ViewController.h */,
				2C372E3F19759C52006F8D20 /* ViewController.m */,
			);
			path = Solista;
			sourceTree = "<group>";
		};
		2C372E3719759C52006F8D20 /* Supporting Files */ = {
			isa = PBXGroup;
			children = (
				2C372E3819759C52006F8D20 /* Info.plist */,
				2C372E3919759C52006F8D20 /* main.m */,
			);
			name = "Supporting Files";
			sourceTree = "<group>";
		};
		2C372E4D19759C52006F8D20 /* SolistaTests */ = {
			isa = PBXGroup;
			children = (
				2C372E5019759C52006F8D20 /* SolistaTests.m */,
				2C372E4E19759C52006F8D20 /* Supporting Files */,
			);
			path = SolistaTests;
			sourceTree = "<group>";
		};
		2C372E4E19759C52006F8D20 /* Supporting Files */ = {
			isa = PBXGroup;
			children = (
				2C372E4F19759C52006F8D20 /* Info.plist */,
			);
			name = "Supporting Files";
			sourceTree = "<group>";
		};
		7A3D7BA8A4224D3BB637BBC0 /* Frameworks */ = {
			isa = PBXGroup;
			children = (
				2CEAFA65197BECC1005B0F01 /* MapKit.framework */,
				FEE6D18BCF724CA39DD0A989 /* libPods.a */,
			);
			name = Frameworks;
			sourceTree = "<group>";
		};
/* End PBXGroup section */

/* Begin PBXNativeTarget section */
		2C372E3319759C52006F8D20 /* Solista */ = {
			isa = PBXNativeTarget;
			buildConfigurationList = 2C372E5419759C52006F8D20 /* Build configuration list for PBXNativeTarget "Solista" */;
			buildPhases = (
				121C28DD590048FF85B3AA3F /* Check Pods Manifest.lock */,
				2C372E3019759C52006F8D20 /* Sources */,
				2C372E3119759C52006F8D20 /* Frameworks */,
				2C372E3219759C52006F8D20 /* Resources */,
				BB3FEFF1C2C64E08A3260F7C /* Copy Pods Resources */,
			);
			buildRules = (
			);
			dependencies = (
			);
			name = Solista;
			productName = Solista;
			productReference = 2C372E3419759C52006F8D20 /* Solista.app */;
			productType = "com.apple.product-type.application";
		};
		2C372E4919759C52006F8D20 /* SolistaTests */ = {
			isa = PBXNativeTarget;
			buildConfigurationList = 2C372E5719759C52006F8D20 /* Build configuration list for PBXNativeTarget "SolistaTests" */;
			buildPhases = (
				2C372E4619759C52006F8D20 /* Sources */,
				2C372E4719759C52006F8D20 /* Frameworks */,
				2C372E4819759C52006F8D20 /* Resources */,
			);
			buildRules = (
			);
			dependencies = (
				2C372E4C19759C52006F8D20 /* PBXTargetDependency */,
			);
			name = SolistaTests;
			productName = SolistaTests;
			productReference = 2C372E4A19759C52006F8D20 /* SolistaTests.xctest */;
			productType = "com.apple.product-type.bundle.unit-test";
		};
/* End PBXNativeTarget section */

/* Begin PBXProject section */
		2C372E2C19759C52006F8D20 /* Project object */ = {
			isa = PBXProject;
			attributes = {
				LastUpgradeCheck = 0600;
				ORGANIZATIONNAME = metodowhite;
				TargetAttributes = {
					2C372E3319759C52006F8D20 = {
						CreatedOnToolsVersion = 6.0;
					};
					2C372E4919759C52006F8D20 = {
						CreatedOnToolsVersion = 6.0;
						TestTargetID = 2C372E3319759C52006F8D20;
					};
				};
			};
			buildConfigurationList = 2C372E2F19759C52006F8D20 /* Build configuration list for PBXProject "Solista" */;
			compatibilityVersion = "Xcode 3.2";
			developmentRegion = English;
			hasScannedForEncodings = 0;
			knownRegions = (
				en,
				Base,
			);
			mainGroup = 2C372E2B19759C52006F8D20;
			productRefGroup = 2C372E3519759C52006F8D20 /* Products */;
			projectDirPath = "";
			projectRoot = "";
			targets = (
				2C372E3319759C52006F8D20 /* Solista */,
				2C372E4919759C52006F8D20 /* SolistaTests */,
			);
		};
/* End PBXProject section */

/* Begin PBXResourcesBuildPhase section */
		2C372E3219759C52006F8D20 /* Resources */ = {
			isa = PBXResourcesBuildPhase;
			buildActionMask = 2147483647;
			files = (
				2C372E4319759C52006F8D20 /* Main.storyboard in Resources */,
				2C372E4519759C52006F8D20 /* Images.xcassets in Resources */,
			);
			runOnlyForDeploymentPostprocessing = 0;
		};
		2C372E4819759C52006F8D20 /* Resources */ = {
			isa = PBXResourcesBuildPhase;
			buildActionMask = 2147483647;
			files = (
			);
			runOnlyForDeploymentPostprocessing = 0;
		};
/* End PBXResourcesBuildPhase section */

/* Begin PBXShellScriptBuildPhase section */
		121C28DD590048FF85B3AA3F /* Check Pods Manifest.lock */ = {
			isa = PBXShellScriptBuildPhase;
			buildActionMask = 2147483647;
			files = (
			);
			inputPaths = (
			);
			name = "Check Pods Manifest.lock";
			outputPaths = (
			);
			runOnlyForDeploymentPostprocessing = 0;
			shellPath = /bin/sh;
			shellScript = "diff \"${PODS_ROOT}/../Podfile.lock\" \"${PODS_ROOT}/Manifest.lock\" > /dev/null\nif [[ $? != 0 ]] ; then\n    cat << EOM\nerror: The sandbox is not in sync with the Podfile.lock. Run 'pod install' or update your CocoaPods installation.\nEOM\n    exit 1\nfi\n";
			showEnvVarsInLog = 0;
		};
		BB3FEFF1C2C64E08A3260F7C /* Copy Pods Resources */ = {
			isa = PBXShellScriptBuildPhase;
			buildActionMask = 2147483647;
			files = (
			);
			inputPaths = (
			);
			name = "Copy Pods Resources";
			outputPaths = (
			);
			runOnlyForDeploymentPostprocessing = 0;
			shellPath = /bin/sh;
			shellScript = "\"${SRCROOT}/Pods/Pods-resources.sh\"\n";
			showEnvVarsInLog = 0;
		};
/* End PBXShellScriptBuildPhase section */

/* Begin PBXSourcesBuildPhase section */
		2C372E3019759C52006F8D20 /* Sources */ = {
			isa = PBXSourcesBuildPhase;
			buildActionMask = 2147483647;
			files = (
				2C372E4019759C52006F8D20 /* ViewController.m in Sources */,
				3B2ABC04198023F100A00E6A /* Product.m in Sources */,
				2CEAFA62197BDC97005B0F01 /* ProductCreateTableViewController.m in Sources */,
				2C372E3D19759C52006F8D20 /* AppDelegate.m in Sources */,
				2C372E3A19759C52006F8D20 /* main.m in Sources */,
				3B2ABC0719803E8300A00E6A /* ProductsManager.m in Sources */,
			);
			runOnlyForDeploymentPostprocessing = 0;
		};
		2C372E4619759C52006F8D20 /* Sources */ = {
			isa = PBXSourcesBuildPhase;
			buildActionMask = 2147483647;
			files = (
				2C372E5119759C52006F8D20 /* SolistaTests.m in Sources */,
			);
			runOnlyForDeploymentPostprocessing = 0;
		};
/* End PBXSourcesBuildPhase section */

/* Begin PBXTargetDependency section */
		2C372E4C19759C52006F8D20 /* PBXTargetDependency */ = {
			isa = PBXTargetDependency;
			target = 2C372E3319759C52006F8D20 /* Solista */;
			targetProxy = 2C372E4B19759C52006F8D20 /* PBXContainerItemProxy */;
		};
/* End PBXTargetDependency section */

/* Begin PBXVariantGroup section */
		2C372E4119759C52006F8D20 /* Main.storyboard */ = {
			isa = PBXVariantGroup;
			children = (
				2C372E4219759C52006F8D20 /* Base */,
			);
			name = Main.storyboard;
			sourceTree = "<group>";
		};
/* End PBXVariantGroup section */

/* Begin XCBuildConfiguration section */
		2C372E5219759C52006F8D20 /* Debug */ = {
			isa = XCBuildConfiguration;
			buildSettings = {
				ALWAYS_SEARCH_USER_PATHS = NO;
				CLANG_CXX_LANGUAGE_STANDARD = "gnu++0x";
				CLANG_CXX_LIBRARY = "libc++";
				CLANG_ENABLE_MODULES = YES;
				CLANG_ENABLE_OBJC_ARC = YES;
				CLANG_WARN_BOOL_CONVERSION = YES;
				CLANG_WARN_CONSTANT_CONVERSION = YES;
				CLANG_WARN_DIRECT_OBJC_ISA_USAGE = YES_ERROR;
				CLANG_WARN_EMPTY_BODY = YES;
				CLANG_WARN_ENUM_CONVERSION = YES;
				CLANG_WARN_INT_CONVERSION = YES;
				CLANG_WARN_OBJC_ROOT_CLASS = YES_ERROR;
				CLANG_WARN_UNREACHABLE_CODE = YES;
				CLANG_WARN__DUPLICATE_METHOD_MATCH = YES;
				"CODE_SIGN_IDENTITY[sdk=iphoneos*]" = "iPhone Developer";
				COPY_PHASE_STRIP = NO;
				ENABLE_STRICT_OBJC_MSGSEND = YES;
				GCC_C_LANGUAGE_STANDARD = gnu99;
				GCC_DYNAMIC_NO_PIC = NO;
				GCC_OPTIMIZATION_LEVEL = 0;
				GCC_PREPROCESSOR_DEFINITIONS = (
					"DEBUG=1",
					"$(inherited)",
				);
				GCC_SYMBOLS_PRIVATE_EXTERN = NO;
				GCC_WARN_64_TO_32_BIT_CONVERSION = YES;
				GCC_WARN_ABOUT_RETURN_TYPE = YES_ERROR;
				GCC_WARN_UNDECLARED_SELECTOR = YES;
				GCC_WARN_UNINITIALIZED_AUTOS = YES_AGGRESSIVE;
				GCC_WARN_UNUSED_FUNCTION = YES;
				GCC_WARN_UNUSED_VARIABLE = YES;
				IPHONEOS_DEPLOYMENT_TARGET = 8.0;
				MTL_ENABLE_DEBUG_INFO = YES;
				ONLY_ACTIVE_ARCH = YES;
				SDKROOT = iphoneos;
			};
			name = Debug;
		};
		2C372E5319759C52006F8D20 /* Release */ = {
			isa = XCBuildConfiguration;
			buildSettings = {
				ALWAYS_SEARCH_USER_PATHS = NO;
				CLANG_CXX_LANGUAGE_STANDARD = "gnu++0x";
				CLANG_CXX_LIBRARY = "libc++";
				CLANG_ENABLE_MODULES = YES;
				CLANG_ENABLE_OBJC_ARC = YES;
				CLANG_WARN_BOOL_CONVERSION = YES;
				CLANG_WARN_CONSTANT_CONVERSION = YES;
				CLANG_WARN_DIRECT_OBJC_ISA_USAGE = YES_ERROR;
				CLANG_WARN_EMPTY_BODY = YES;
				CLANG_WARN_ENUM_CONVERSION = YES;
				CLANG_WARN_INT_CONVERSION = YES;
				CLANG_WARN_OBJC_ROOT_CLASS = YES_ERROR;
				CLANG_WARN_UNREACHABLE_CODE = YES;
				CLANG_WARN__DUPLICATE_METHOD_MATCH = YES;
				"CODE_SIGN_IDENTITY[sdk=iphoneos*]" = "iPhone Developer";
				COPY_PHASE_STRIP = YES;
				ENABLE_NS_ASSERTIONS = NO;
				ENABLE_STRICT_OBJC_MSGSEND = YES;
				GCC_C_LANGUAGE_STANDARD = gnu99;
				GCC_WARN_64_TO_32_BIT_CONVERSION = YES;
				GCC_WARN_ABOUT_RETURN_TYPE = YES_ERROR;
				GCC_WARN_UNDECLARED_SELECTOR = YES;
				GCC_WARN_UNINITIALIZED_AUTOS = YES_AGGRESSIVE;
				GCC_WARN_UNUSED_FUNCTION = YES;
				GCC_WARN_UNUSED_VARIABLE = YES;
				IPHONEOS_DEPLOYMENT_TARGET = 8.0;
				MTL_ENABLE_DEBUG_INFO = NO;
				SDKROOT = iphoneos;
				VALIDATE_PRODUCT = YES;
			};
			name = Release;
		};
		2C372E5519759C52006F8D20 /* Debug */ = {
			isa = XCBuildConfiguration;
			baseConfigurationReference = 1B81C7EF3ABC441C872ECDFB /* Pods.xcconfig */;
			buildSettings = {
				ASSETCATALOG_COMPILER_APPICON_NAME = AppIcon;
				ASSETCATALOG_COMPILER_LAUNCHIMAGE_NAME = LaunchImage;
				INFOPLIST_FILE = Solista/Info.plist;
				IPHONEOS_DEPLOYMENT_TARGET = 7.1;
				LD_RUNPATH_SEARCH_PATHS = "$(inherited) @executable_path/Frameworks";
				PRODUCT_NAME = "$(TARGET_NAME)";
			};
			name = Debug;
		};
		2C372E5619759C52006F8D20 /* Release */ = {
			isa = XCBuildConfiguration;
			baseConfigurationReference = 1B81C7EF3ABC441C872ECDFB /* Pods.xcconfig */;
			buildSettings = {
				ASSETCATALOG_COMPILER_APPICON_NAME = AppIcon;
				ASSETCATALOG_COMPILER_LAUNCHIMAGE_NAME = LaunchImage;
				INFOPLIST_FILE = Solista/Info.plist;
				IPHONEOS_DEPLOYMENT_TARGET = 7.1;
				LD_RUNPATH_SEARCH_PATHS = "$(inherited) @executable_path/Frameworks";
				PRODUCT_NAME = "$(TARGET_NAME)";
			};
			name = Release;
		};
		2C372E5819759C52006F8D20 /* Debug */ = {
			isa = XCBuildConfiguration;
			buildSettings = {
				BUNDLE_LOADER = "$(BUILT_PRODUCTS_DIR)/Solista.app/Solista";
				FRAMEWORK_SEARCH_PATHS = (
					"$(SDKROOT)/Developer/Library/Frameworks",
					"$(inherited)",
				);
				GCC_PREPROCESSOR_DEFINITIONS = (
					"DEBUG=1",
					"$(inherited)",
				);
				INFOPLIST_FILE = SolistaTests/Info.plist;
				LD_RUNPATH_SEARCH_PATHS = "$(inherited) @executable_path/Frameworks @loader_path/Frameworks";
				PRODUCT_NAME = "$(TARGET_NAME)";
				TEST_HOST = "$(BUNDLE_LOADER)";
			};
			name = Debug;
		};
		2C372E5919759C52006F8D20 /* Release */ = {
			isa = XCBuildConfiguration;
			buildSettings = {
				BUNDLE_LOADER = "$(BUILT_PRODUCTS_DIR)/Solista.app/Solista";
				FRAMEWORK_SEARCH_PATHS = (
					"$(SDKROOT)/Developer/Library/Frameworks",
					"$(inherited)",
				);
				INFOPLIST_FILE = SolistaTests/Info.plist;
				LD_RUNPATH_SEARCH_PATHS = "$(inherited) @executable_path/Frameworks @loader_path/Frameworks";
				PRODUCT_NAME = "$(TARGET_NAME)";
				TEST_HOST = "$(BUNDLE_LOADER)";
			};
			name = Release;
		};
/* End XCBuildConfiguration section */

/* Begin XCConfigurationList section */
		2C372E2F19759C52006F8D20 /* Build configuration list for PBXProject "Solista" */ = {
			isa = XCConfigurationList;
			buildConfigurations = (
				2C372E5219759C52006F8D20 /* Debug */,
				2C372E5319759C52006F8D20 /* Release */,
			);
			defaultConfigurationIsVisible = 0;
			defaultConfigurationName = Release;
		};
		2C372E5419759C52006F8D20 /* Build configuration list for PBXNativeTarget "Solista" */ = {
			isa = XCConfigurationList;
			buildConfigurations = (
				2C372E5519759C52006F8D20 /* Debug */,
				2C372E5619759C52006F8D20 /* Release */,
			);
			defaultConfigurationIsVisible = 0;
			defaultConfigurationName = Release;
		};
		2C372E5719759C52006F8D20 /* Build configuration list for PBXNativeTarget "SolistaTests" */ = {
			isa = XCConfigurationList;
			buildConfigurations = (
				2C372E5819759C52006F8D20 /* Debug */,
				2C372E5919759C52006F8D20 /* Release */,
			);
			defaultConfigurationIsVisible = 0;
			defaultConfigurationName = Release;
		};
/* End XCConfigurationList section */
	};
	rootObject = 2C372E2C19759C52006F8D20 /* Project object */;
}
